
Microsoft Visual Studio Solution File, Format Version 10.00
# Visual Studio 2008
Project("{8BC9CEB8-8B4A-11D0-8D11-00A0C91BC942}") = "10to16", "10to16\10to16.vcproj", "{F771354F-B2E8-448E-94A3-D60D7BF52C81}"
EndProject
Project("{8BC9CEB8-8B4A-11D0-8D11-00A0C91BC942}") = "16to10", "16to10\16to10.vcproj", "{668D0F72-8BDD-4174-902E-166CDFE18341}"
EndProject
Global
	GlobalSection(SolutionConfigurationPlatforms) = preSolution
		Debug|Win32 = Debug|Win32
		Release|Win32 = Release|Win32
	EndGlobalSection
	GlobalSection(ProjectConfigurationPlatforms) = postSolution
		{F771354F-B2E8-448E-94A3-D60D7BF52C81}.Debug|Win32.ActiveCfg = Debug|Win32
		{F771354F-B2E8-448E-94A3-D60D7BF52C81}.Debug|Win32.Build.0 = Debug|Win32
		{F771354F-B2E8-448E-94A3-D60D7BF52C81}.Release|Win32.ActiveCfg = Release|Win32
		{F771354F-B2E8-448E-94A3-D60D7BF52C81}.Release|Win32.Build.0 = Release|Win32
		{668D0F72-8BDD-4174-902E-166CDFE18341}.Debug|Win32.ActiveCfg = Debug|Win32
		{668D0F72-8BDD-4174-902E-166CDFE18341}.Debug|Win32.Build.0 = Debug|Win32
		{668D0F72-8BDD-4174-902E-166CDFE18341}.Release|Win32.ActiveCfg = Release|Win32
		{668D0F72-8BDD-4174-902E-166CDFE18341}.Release|Win32.Build.0 = Release|Win32
	EndGlobalSection
	GlobalSection(SolutionProperties) = preSolution
		HideSolutionNode = FALSE
	EndGlobalSection
EndGlobal
