
Microsoft Visual Studio Solution File, Format Version 10.00
# Visual Studio 2008
Project("{8BC9CEB8-8B4A-11D0-8D11-00A0C91BC942}") = "lab7", "lab7\lab7.vcproj", "{AFFDFE1A-0889-4515-8678-5DD89AD23CFE}"
EndProject
Global
	GlobalSection(SolutionConfigurationPlatforms) = preSolution
		Debug|Win32 = Debug|Win32
		Release|Win32 = Release|Win32
	EndGlobalSection
	GlobalSection(ProjectConfigurationPlatforms) = postSolution
		{AFFDFE1A-0889-4515-8678-5DD89AD23CFE}.Debug|Win32.ActiveCfg = Debug|Win32
		{AFFDFE1A-0889-4515-8678-5DD89AD23CFE}.Debug|Win32.Build.0 = Debug|Win32
		{AFFDFE1A-0889-4515-8678-5DD89AD23CFE}.Release|Win32.ActiveCfg = Release|Win32
		{AFFDFE1A-0889-4515-8678-5DD89AD23CFE}.Release|Win32.Build.0 = Release|Win32
	EndGlobalSection
	GlobalSection(SolutionProperties) = preSolution
		HideSolutionNode = FALSE
	EndGlobalSection
EndGlobal
